
Microsoft Visual Studio Solution File, Format Version 12.00
# Visual Studio Version 17
VisualStudioVersion = 17.7.33620.565
MinimumVisualStudioVersion = 10.0.40219.1
Project("{F2A71F9B-5D33-465A-A702-920D77279786}") = "cancellabletask", "cancellabletask\cancellabletask.fsproj", "{19552393-E85F-4A41-9146-A5F74F5C3F26}"
EndProject
Global
	GlobalSection(SolutionConfigurationPlatforms) = preSolution
		Debug|Any CPU = Debug|Any CPU
		Release|Any CPU = Release|Any CPU
	EndGlobalSection
	GlobalSection(ProjectConfigurationPlatforms) = postSolution
		{19552393-E85F-4A41-9146-A5F74F5C3F26}.Debug|Any CPU.ActiveCfg = Debug|Any CPU
		{19552393-E85F-4A41-9146-A5F74F5C3F26}.Debug|Any CPU.Build.0 = Debug|Any CPU
		{19552393-E85F-4A41-9146-A5F74F5C3F26}.Release|Any CPU.ActiveCfg = Release|Any CPU
		{19552393-E85F-4A41-9146-A5F74F5C3F26}.Release|Any CPU.Build.0 = Release|Any CPU
	EndGlobalSection
	GlobalSection(SolutionProperties) = preSolution
		HideSolutionNode = FALSE
	EndGlobalSection
	GlobalSection(ExtensibilityGlobals) = postSolution
		SolutionGuid = {1507849A-B1FB-4AD8-AC04-8D707E5C0207}
	EndGlobalSection
EndGlobal
